
Microsoft Visual Studio Solution File, Format Version 12.00
# Visual Studio Version 17
VisualStudioVersion = 17.4.33213.308
MinimumVisualStudioVersion = 10.0.40219.1
Project("{FAE04EC0-301F-11D3-BF4B-00C04F79EFBC}") = "apbdp", "apbdp\apbdp.csproj", "{A42CC4E0-F807-42D6-944B-1FF217E0C2ED}"
EndProject
Global
	GlobalSection(SolutionConfigurationPlatforms) = preSolution
		Debug|Any CPU = Debug|Any CPU
		Release|Any CPU = Release|Any CPU
	EndGlobalSection
	GlobalSection(ProjectConfigurationPlatforms) = postSolution
		{A42CC4E0-F807-42D6-944B-1FF217E0C2ED}.Debug|Any CPU.ActiveCfg = Debug|Any CPU
		{A42CC4E0-F807-42D6-944B-1FF217E0C2ED}.Debug|Any CPU.Build.0 = Debug|Any CPU
		{A42CC4E0-F807-42D6-944B-1FF217E0C2ED}.Release|Any CPU.ActiveCfg = Release|Any CPU
		{A42CC4E0-F807-42D6-944B-1FF217E0C2ED}.Release|Any CPU.Build.0 = Release|Any CPU
	EndGlobalSection
	GlobalSection(SolutionProperties) = preSolution
		HideSolutionNode = FALSE
	EndGlobalSection
	GlobalSection(ExtensibilityGlobals) = postSolution
		SolutionGuid = {AB939DDE-4D06-4C12-96B5-B843FDCB3552}
	EndGlobalSection
EndGlobal
